// !$*UTF8*$!
{
	archiveVersion = 1;
	classes = {
	};
	objectVersion = 56;
	objects = {

/* Begin PBXBuildFile section */
		FF08AA872A60820800F050BE /* AppDelegate.swift in Sources */ = {isa = PBXBuildFile; fileRef = FF08AA862A60820800F050BE /* AppDelegate.swift */; };
		FF08AA892A60820800F050BE /* SceneDelegate.swift in Sources */ = {isa = PBXBuildFile; fileRef = FF08AA882A60820800F050BE /* SceneDelegate.swift */; };
		FF08AA8B2A60820800F050BE /* ViewController.swift in Sources */ = {isa = PBXBuildFile; fileRef = FF08AA8A2A60820800F050BE /* ViewController.swift */; };
		FF08AA8E2A60820800F050BE /* Main.storyboard in Resources */ = {isa = PBXBuildFile; fileRef = FF08AA8C2A60820800F050BE /* Main.storyboard */; };
		FF08AA902A60820900F050BE /* Assets.xcassets in Resources */ = {isa = PBXBuildFile; fileRef = FF08AA8F2A60820900F050BE /* Assets.xcassets */; };
		FF08AA932A60820900F050BE /* LaunchScreen.storyboard in Resources */ = {isa = PBXBuildFile; fileRef = FF08AA912A60820900F050BE /* LaunchScreen.storyboard */; };
		FF08AA9C2A60821D00F050BE /* SpringFadeTabs in Frameworks */ = {isa = PBXBuildFile; productRef = FF08AA9B2A60821D00F050BE /* SpringFadeTabs */; };
/* End PBXBuildFile section */

/* Begin PBXFileReference section */
		FF08AA832A60820800F050BE /* ExampleSpringFadeTabs.app */ = {isa = PBXFileReference; explicitFileType = wrapper.application; includeInIndex = 0; path = ExampleSpringFadeTabs.app; sourceTree = BUILT_PRODUCTS_DIR; };
		FF08AA862A60820800F050BE /* AppDelegate.swift */ = {isa = PBXFileReference; lastKnownFileType = sourcecode.swift; path = AppDelegate.swift; sourceTree = "<group>"; };
		FF08AA882A60820800F050BE /* SceneDelegate.swift */ = {isa = PBXFileReference; lastKnownFileType = sourcecode.swift; path = SceneDelegate.swift; sourceTree = "<group>"; };
		FF08AA8A2A60820800F050BE /* ViewController.swift */ = {isa = PBXFileReference; lastKnownFileType = sourcecode.swift; path = ViewController.swift; sourceTree = "<group>"; };
		FF08AA8D2A60820800F050BE /* Base */ = {isa = PBXFileReference; lastKnownFileType = file.storyboard; name = Base; path = Base.lproj/Main.storyboard; sourceTree = "<group>"; };
		FF08AA8F2A60820900F050BE /* Assets.xcassets */ = {isa = PBXFileReference; lastKnownFileType = folder.assetcatalog; path = Assets.xcassets; sourceTree = "<group>"; };
		FF08AA922A60820900F050BE /* Base */ = {isa = PBXFileReference; lastKnownFileType = file.storyboard; name = Base; path = Base.lproj/LaunchScreen.storyboard; sourceTree = "<group>"; };
		FF08AA942A60820900F050BE /* Info.plist */ = {isa = PBXFileReference; lastKnownFileType = text.plist.xml; path = Info.plist; sourceTree = "<group>"; };
/* End PBXFileReference section */

/* Begin PBXFrameworksBuildPhase section */
		FF08AA802A60820800F050BE /* Frameworks */ = {
			isa = PBXFrameworksBuildPhase;
			buildActionMask = 2147483647;
			files = (
				FF08AA9C2A60821D00F050BE /* SpringFadeTabs in Frameworks */,
			);
			runOnlyForDeploymentPostprocessing = 0;
		};
/* End PBXFrameworksBuildPhase section */

/* Begin PBXGroup section */
		FF08AA7A2A60820800F050BE = {
			isa = PBXGroup;
			children = (
				FF08AA852A60820800F050BE /* ExampleSpringFadeTabs */,
				FF08AA842A60820800F050BE /* Products */,
			);
			sourceTree = "<group>";
		};
		FF08AA842A60820800F050BE /* Products */ = {
			isa = PBXGroup;
			children = (
				FF08AA832A60820800F050BE /* ExampleSpringFadeTabs.app */,
			);
			name = Products;
			sourceTree = "<group>";
		};
		FF08AA852A60820800F050BE /* ExampleSpringFadeTabs */ = {
			isa = PBXGroup;
			children = (
				FF08AA862A60820800F050BE /* AppDelegate.swift */,
				FF08AA882A60820800F050BE /* SceneDelegate.swift */,
				FF08AA8A2A60820800F050BE /* ViewController.swift */,
				FF08AA8C2A60820800F050BE /* Main.storyboard */,
				FF08AA8F2A60820900F050BE /* Assets.xcassets */,
				FF08AA912A60820900F050BE /* LaunchScreen.storyboard */,
				FF08AA942A60820900F050BE /* Info.plist */,
			);
			path = ExampleSpringFadeTabs;
			sourceTree = "<group>";
		};
/* End PBXGroup section */

/* Begin PBXNativeTarget section */
		FF08AA822A60820800F050BE /* ExampleSpringFadeTabs */ = {
			isa = PBXNativeTarget;
			buildConfigurationList = FF08AA972A60820900F050BE /* Build configuration list for PBXNativeTarget "ExampleSpringFadeTabs" */;
			buildPhases = (
				FF08AA7F2A60820800F050BE /* Sources */,
				FF08AA802A60820800F050BE /* Frameworks */,
				FF08AA812A60820800F050BE /* Resources */,
			);
			buildRules = (
			);
			dependencies = (
			);
			name = ExampleSpringFadeTabs;
			packageProductDependencies = (
				FF08AA9B2A60821D00F050BE /* SpringFadeTabs */,
			);
			productName = ExampleSpringFadeTabs;
			productReference = FF08AA832A60820800F050BE /* ExampleSpringFadeTabs.app */;
			productType = "com.apple.product-type.application";
		};
/* End PBXNativeTarget section */

/* Begin PBXProject section */
		FF08AA7B2A60820800F050BE /* Project object */ = {
			isa = PBXProject;
			attributes = {
				BuildIndependentTargetsInParallel = 1;
				LastSwiftUpdateCheck = 1430;
				LastUpgradeCheck = 1430;
				TargetAttributes = {
					FF08AA822A60820800F050BE = {
						CreatedOnToolsVersion = 14.3.1;
					};
				};
			};
			buildConfigurationList = FF08AA7E2A60820800F050BE /* Build configuration list for PBXProject "ExampleSpringFadeTabs" */;
			compatibilityVersion = "Xcode 14.0";
			developmentRegion = en;
			hasScannedForEncodings = 0;
			knownRegions = (
				en,
				Base,
			);
			mainGroup = FF08AA7A2A60820800F050BE;
			packageReferences = (
				FF08AA9A2A60821D00F050BE /* XCRemoteSwiftPackageReference "SpringFadeTabs" */,
			);
			productRefGroup = FF08AA842A60820800F050BE /* Products */;
			projectDirPath = "";
			projectRoot = "";
			targets = (
				FF08AA822A60820800F050BE /* ExampleSpringFadeTabs */,
			);
		};
/* End PBXProject section */

/* Begin PBXResourcesBuildPhase section */
		FF08AA812A60820800F050BE /* Resources */ = {
			isa = PBXResourcesBuildPhase;
			buildActionMask = 2147483647;
			files = (
				FF08AA932A60820900F050BE /* LaunchScreen.storyboard in Resources */,
				FF08AA902A60820900F050BE /* Assets.xcassets in Resources */,
				FF08AA8E2A60820800F050BE /* Main.storyboard in Resources */,
			);
			runOnlyForDeploymentPostprocessing = 0;
		};
/* End PBXResourcesBuildPhase section */

/* Begin PBXSourcesBuildPhase section */
		FF08AA7F2A60820800F050BE /* Sources */ = {
			isa = PBXSourcesBuildPhase;
			buildActionMask = 2147483647;
			files = (
				FF08AA8B2A60820800F050BE /* ViewController.swift in Sources */,
				FF08AA872A60820800F050BE /* AppDelegate.swift in Sources */,
				FF08AA892A60820800F050BE /* SceneDelegate.swift in Sources */,
			);
			runOnlyForDeploymentPostprocessing = 0;
		};
/* End PBXSourcesBuildPhase section */

/* Begin PBXVariantGroup section */
		FF08AA8C2A60820800F050BE /* Main.storyboard */ = {
			isa = PBXVariantGroup;
			children = (
				FF08AA8D2A60820800F050BE /* Base */,
			);
			name = Main.storyboard;
			sourceTree = "<group>";
		};
		FF08AA912A60820900F050BE /* LaunchScreen.storyboard */ = {
			isa = PBXVariantGroup;
			children = (
				FF08AA922A60820900F050BE /* Base */,
			);
			name = LaunchScreen.storyboard;
			sourceTree = "<group>";
		};
/* End PBXVariantGroup section */

/* Begin XCBuildConfiguration section */
		FF08AA952A60820900F050BE /* Debug */ = {
			isa = XCBuildConfiguration;
			buildSettings = {
				ALWAYS_SEARCH_USER_PATHS = NO;
				CLANG_ANALYZER_NONNULL = YES;
				CLANG_ANALYZER_NUMBER_OBJECT_CONVERSION = YES_AGGRESSIVE;
				CLANG_CXX_LANGUAGE_STANDARD = "gnu++20";
				CLANG_ENABLE_MODULES = YES;
				CLANG_ENABLE_OBJC_ARC = YES;
				CLANG_ENABLE_OBJC_WEAK = YES;
				CLANG_WARN_BLOCK_CAPTURE_AUTORELEASING = YES;
				CLANG_WARN_BOOL_CONVERSION = YES;
				CLANG_WARN_COMMA = YES;
				CLANG_WARN_CONSTANT_CONVERSION = YES;
				CLANG_WARN_DEPRECATED_OBJC_IMPLEMENTATIONS = YES;
				CLANG_WARN_DIRECT_OBJC_ISA_USAGE = YES_ERROR;
				CLANG_WARN_DOCUMENTATION_COMMENTS = YES;
				CLANG_WARN_EMPTY_BODY = YES;
				CLANG_WARN_ENUM_CONVERSION = YES;
				CLANG_WARN_INFINITE_RECURSION = YES;
				CLANG_WARN_INT_CONVERSION = YES;
				CLANG_WARN_NON_LITERAL_NULL_CONVERSION = YES;
				CLANG_WARN_OBJC_IMPLICIT_RETAIN_SELF = YES;
				CLANG_WARN_OBJC_LITERAL_CONVERSION = YES;
				CLANG_WARN_OBJC_ROOT_CLASS = YES_ERROR;
				CLANG_WARN_QUOTED_INCLUDE_IN_FRAMEWORK_HEADER = YES;
				CLANG_WARN_RANGE_LOOP_ANALYSIS = YES;
				CLANG_WARN_STRICT_PROTOTYPES = YES;
				CLANG_WARN_SUSPICIOUS_MOVE = YES;
				CLANG_WARN_UNGUARDED_AVAILABILITY = YES_AGGRESSIVE;
				CLANG_WARN_UNREACHABLE_CODE = YES;
				CLANG_WARN__DUPLICATE_METHOD_MATCH = YES;
				COPY_PHASE_STRIP = NO;
				DEBUG_INFORMATION_FORMAT = dwarf;
				ENABLE_STRICT_OBJC_MSGSEND = YES;
				ENABLE_TESTABILITY = YES;
				GCC_C_LANGUAGE_STANDARD = gnu11;
				GCC_DYNAMIC_NO_PIC = NO;
				GCC_NO_COMMON_BLOCKS = YES;
				GCC_OPTIMIZATION_LEVEL = 0;
				GCC_PREPROCESSOR_DEFINITIONS = (
					"DEBUG=1",
					"$(inherited)",
				);
				GCC_WARN_64_TO_32_BIT_CONVERSION = YES;
				GCC_WARN_ABOUT_RETURN_TYPE = YES_ERROR;
				GCC_WARN_UNDECLARED_SELECTOR = YES;
				GCC_WARN_UNINITIALIZED_AUTOS = YES_AGGRESSIVE;
				GCC_WARN_UNUSED_FUNCTION = YES;
				GCC_WARN_UNUSED_VARIABLE = YES;
				IPHONEOS_DEPLOYMENT_TARGET = 16.4;
				MTL_ENABLE_DEBUG_INFO = INCLUDE_SOURCE;
				MTL_FAST_MATH = YES;
				ONLY_ACTIVE_ARCH = YES;
				SDKROOT = iphoneos;
				SWIFT_ACTIVE_COMPILATION_CONDITIONS = DEBUG;
				SWIFT_OPTIMIZATION_LEVEL = "-Onone";
			};
			name = Debug;
		};
		FF08AA962A60820900F050BE /* Release */ = {
			isa = XCBuildConfiguration;
			buildSettings = {
				ALWAYS_SEARCH_USER_PATHS = NO;
				CLANG_ANALYZER_NONNULL = YES;
				CLANG_ANALYZER_NUMBER_OBJECT_CONVERSION = YES_AGGRESSIVE;
				CLANG_CXX_LANGUAGE_STANDARD = "gnu++20";
				CLANG_ENABLE_MODULES = YES;
				CLANG_ENABLE_OBJC_ARC = YES;
				CLANG_ENABLE_OBJC_WEAK = YES;
				CLANG_WARN_BLOCK_CAPTURE_AUTORELEASING = YES;
				CLANG_WARN_BOOL_CONVERSION = YES;
				CLANG_WARN_COMMA = YES;
				CLANG_WARN_CONSTANT_CONVERSION = YES;
				CLANG_WARN_DEPRECATED_OBJC_IMPLEMENTATIONS = YES;
				CLANG_WARN_DIRECT_OBJC_ISA_USAGE = YES_ERROR;
				CLANG_WARN_DOCUMENTATION_COMMENTS = YES;
				CLANG_WARN_EMPTY_BODY = YES;
				CLANG_WARN_ENUM_CONVERSION = YES;
				CLANG_WARN_INFINITE_RECURSION = YES;
				CLANG_WARN_INT_CONVERSION = YES;
				CLANG_WARN_NON_LITERAL_NULL_CONVERSION = YES;
				CLANG_WARN_OBJC_IMPLICIT_RETAIN_SELF = YES;
				CLANG_WARN_OBJC_LITERAL_CONVERSION = YES;
				CLANG_WARN_OBJC_ROOT_CLASS = YES_ERROR;
				CLANG_WARN_QUOTED_INCLUDE_IN_FRAMEWORK_HEADER = YES;
				CLANG_WARN_RANGE_LOOP_ANALYSIS = YES;
				CLANG_WARN_STRICT_PROTOTYPES = YES;
				CLANG_WARN_SUSPICIOUS_MOVE = YES;
				CLANG_WARN_UNGUARDED_AVAILABILITY = YES_AGGRESSIVE;
				CLANG_WARN_UNREACHABLE_CODE = YES;
				CLANG_WARN__DUPLICATE_METHOD_MATCH = YES;
				COPY_PHASE_STRIP = NO;
				DEBUG_INFORMATION_FORMAT = "dwarf-with-dsym";
				ENABLE_NS_ASSERTIONS = NO;
				ENABLE_STRICT_OBJC_MSGSEND = YES;
				GCC_C_LANGUAGE_STANDARD = gnu11;
				GCC_NO_COMMON_BLOCKS = YES;
				GCC_WARN_64_TO_32_BIT_CONVERSION = YES;
				GCC_WARN_ABOUT_RETURN_TYPE = YES_ERROR;
				GCC_WARN_UNDECLARED_SELECTOR = YES;
				GCC_WARN_UNINITIALIZED_AUTOS = YES_AGGRESSIVE;
				GCC_WARN_UNUSED_FUNCTION = YES;
				GCC_WARN_UNUSED_VARIABLE = YES;
				IPHONEOS_DEPLOYMENT_TARGET = 16.4;
				MTL_ENABLE_DEBUG_INFO = NO;
				MTL_FAST_MATH = YES;
				SDKROOT = iphoneos;
				SWIFT_COMPILATION_MODE = wholemodule;
				SWIFT_OPTIMIZATION_LEVEL = "-O";
				VALIDATE_PRODUCT = YES;
			};
			name = Release;
		};
		FF08AA982A60820900F050BE /* Debug */ = {
			isa = XCBuildConfiguration;
			buildSettings = {
				ASSETCATALOG_COMPILER_APPICON_NAME = AppIcon;
				ASSETCATALOG_COMPILER_GLOBAL_ACCENT_COLOR_NAME = AccentColor;
				CODE_SIGN_STYLE = Automatic;
				CURRENT_PROJECT_VERSION = 1;
				DEVELOPMENT_TEAM = RD7HUSH4T7;
				GENERATE_INFOPLIST_FILE = YES;
				INFOPLIST_FILE = ExampleSpringFadeTabs/Info.plist;
				INFOPLIST_KEY_UIApplicationSupportsIndirectInputEvents = YES;
				INFOPLIST_KEY_UILaunchStoryboardName = LaunchScreen;
				INFOPLIST_KEY_UIMainStoryboardFile = Main;
				INFOPLIST_KEY_UISupportedInterfaceOrientations_iPad = "UIInterfaceOrientationPortrait UIInterfaceOrientationPortraitUpsideDown UIInterfaceOrientationLandscapeLeft UIInterfaceOrientationLandscapeRight";
				INFOPLIST_KEY_UISupportedInterfaceOrientations_iPhone = "UIInterfaceOrientationPortrait UIInterfaceOrientationLandscapeLeft UIInterfaceOrientationLandscapeRight";
				LD_RUNPATH_SEARCH_PATHS = (
					"$(inherited)",
					"@executable_path/Frameworks",
				);
				MARKETING_VERSION = 1.0;
				PRODUCT_BUNDLE_IDENTIFIER = com.azhar.ExampleSpringFadeTabs;
				PRODUCT_NAME = "$(TARGET_NAME)";
				SWIFT_EMIT_LOC_STRINGS = YES;
				SWIFT_VERSION = 5.0;
				TARGETED_DEVICE_FAMILY = "1,2";
			};
			name = Debug;
		};
		FF08AA992A60820900F050BE /* Release */ = {
			isa = XCBuildConfiguration;
			buildSettings = {
				ASSETCATALOG_COMPILER_APPICON_NAME = AppIcon;
				ASSETCATALOG_COMPILER_GLOBAL_ACCENT_COLOR_NAME = AccentColor;
				CODE_SIGN_STYLE = Automatic;
				CURRENT_PROJECT_VERSION = 1;
				DEVELOPMENT_TEAM = RD7HUSH4T7;
				GENERATE_INFOPLIST_FILE = YES;
				INFOPLIST_FILE = ExampleSpringFadeTabs/Info.plist;
				INFOPLIST_KEY_UIApplicationSupportsIndirectInputEvents = YES;
				INFOPLIST_KEY_UILaunchStoryboardName = LaunchScreen;
				INFOPLIST_KEY_UIMainStoryboardFile = Main;
				INFOPLIST_KEY_UISupportedInterfaceOrientations_iPad = "UIInterfaceOrientationPortrait UIInterfaceOrientationPortraitUpsideDown UIInterfaceOrientationLandscapeLeft UIInterfaceOrientationLandscapeRight";
				INFOPLIST_KEY_UISupportedInterfaceOrientations_iPhone = "UIInterfaceOrientationPortrait UIInterfaceOrientationLandscapeLeft UIInterfaceOrientationLandscapeRight";
				LD_RUNPATH_SEARCH_PATHS = (
					"$(inherited)",
					"@executable_path/Frameworks",
				);
				MARKETING_VERSION = 1.0;
				PRODUCT_BUNDLE_IDENTIFIER = com.azhar.ExampleSpringFadeTabs;
				PRODUCT_NAME = "$(TARGET_NAME)";
				SWIFT_EMIT_LOC_STRINGS = YES;
				SWIFT_VERSION = 5.0;
				TARGETED_DEVICE_FAMILY = "1,2";
			};
			name = Release;
		};
/* End XCBuildConfiguration section */

/* Begin XCConfigurationList section */
		FF08AA7E2A60820800F050BE /* Build configuration list for PBXProject "ExampleSpringFadeTabs" */ = {
			isa = XCConfigurationList;
			buildConfigurations = (
				FF08AA952A60820900F050BE /* Debug */,
				FF08AA962A60820900F050BE /* Release */,
			);
			defaultConfigurationIsVisible = 0;
			defaultConfigurationName = Release;
		};
		FF08AA972A60820900F050BE /* Build configuration list for PBXNativeTarget "ExampleSpringFadeTabs" */ = {
			isa = XCConfigurationList;
			buildConfigurations = (
				FF08AA982A60820900F050BE /* Debug */,
				FF08AA992A60820900F050BE /* Release */,
			);
			defaultConfigurationIsVisible = 0;
			defaultConfigurationName = Release;
		};
/* End XCConfigurationList section */

/* Begin XCRemoteSwiftPackageReference section */
		FF08AA9A2A60821D00F050BE /* XCRemoteSwiftPackageReference "SpringFadeTabs" */ = {
			isa = XCRemoteSwiftPackageReference;
			repositoryURL = "https://github.com/iamazhar/SpringFadeTabs";
			requirement = {
				branch = main;
				kind = branch;
			};
		};
/* End XCRemoteSwiftPackageReference section */

/* Begin XCSwiftPackageProductDependency section */
		FF08AA9B2A60821D00F050BE /* SpringFadeTabs */ = {
			isa = XCSwiftPackageProductDependency;
			package = FF08AA9A2A60821D00F050BE /* XCRemoteSwiftPackageReference "SpringFadeTabs" */;
			productName = SpringFadeTabs;
		};
/* End XCSwiftPackageProductDependency section */
	};
	rootObject = FF08AA7B2A60820800F050BE /* Project object */;
}
